// !$*UTF8*$!
{
	archiveVersion = 1;
	classes = {
	};
	objectVersion = 55;
	objects = {

/* Begin PBXBuildFile section */
		014A6050355A6810DAB463F3 /* Pods_Onboarding_Tutorial.framework in Frameworks */ = {isa = PBXBuildFile; fileRef = 915B1C8EA30C20732FB757C7 /* Pods_Onboarding_Tutorial.framework */; };
		4D27C51B28882A8800902B82 /* OnboardingViewModel.swift in Sources */ = {isa = PBXBuildFile; fileRef = 4D27C51A28882A8800902B82 /* OnboardingViewModel.swift */; };
		4D27C51D288833F900902B82 /* User.swift in Sources */ = {isa = PBXBuildFile; fileRef = 4D27C51C288833F900902B82 /* User.swift */; };
		4DC9C9D8282BC2F200ED0BDD /* AppDelegate.swift in Sources */ = {isa = PBXBuildFile; fileRef = 4DC9C9D7282BC2F200ED0BDD /* AppDelegate.swift */; };
		4DC9C9DA282BC2F200ED0BDD /* SceneDelegate.swift in Sources */ = {isa = PBXBuildFile; fileRef = 4DC9C9D9282BC2F200ED0BDD /* SceneDelegate.swift */; };
		4DC9C9DC282BC2F200ED0BDD /* ViewController.swift in Sources */ = {isa = PBXBuildFile; fileRef = 4DC9C9DB282BC2F200ED0BDD /* ViewController.swift */; };
		4DC9C9DF282BC2F300ED0BDD /* Main.storyboard in Resources */ = {isa = PBXBuildFile; fileRef = 4DC9C9DD282BC2F300ED0BDD /* Main.storyboard */; };
		4DC9C9E1282BC2F400ED0BDD /* Assets.xcassets in Resources */ = {isa = PBXBuildFile; fileRef = 4DC9C9E0282BC2F400ED0BDD /* Assets.xcassets */; };
		4DC9C9E4282BC2F400ED0BDD /* LaunchScreen.storyboard in Resources */ = {isa = PBXBuildFile; fileRef = 4DC9C9E2282BC2F400ED0BDD /* LaunchScreen.storyboard */; };
		4DC9C9F3282BC3B700ED0BDD /* LoginController.swift in Sources */ = {isa = PBXBuildFile; fileRef = 4DC9C9F2282BC3B700ED0BDD /* LoginController.swift */; };
		4DC9C9F5282BD48200ED0BDD /* Extensions.swift in Sources */ = {isa = PBXBuildFile; fileRef = 4DC9C9F4282BD48200ED0BDD /* Extensions.swift */; };
		4DC9C9F7282BDBEC00ED0BDD /* CustomTextField.swift in Sources */ = {isa = PBXBuildFile; fileRef = 4DC9C9F6282BDBEC00ED0BDD /* CustomTextField.swift */; };
		4DC9C9F9282BDD4400ED0BDD /* AuthButton.swift in Sources */ = {isa = PBXBuildFile; fileRef = 4DC9C9F8282BDD4400ED0BDD /* AuthButton.swift */; };
		4DC9C9FB282BE6FB00ED0BDD /* DividerView.swift in Sources */ = {isa = PBXBuildFile; fileRef = 4DC9C9FA282BE6FB00ED0BDD /* DividerView.swift */; };
		4DC9C9FD282D166A00ED0BDD /* RegistrationController.swift in Sources */ = {isa = PBXBuildFile; fileRef = 4DC9C9FC282D166A00ED0BDD /* RegistrationController.swift */; };
		4DC9C9FF282D1E3200ED0BDD /* ResetPasswordController.swift in Sources */ = {isa = PBXBuildFile; fileRef = 4DC9C9FE282D1E3200ED0BDD /* ResetPasswordController.swift */; };
		4DC9CA01282D240500ED0BDD /* AuthenticationViewModel.swift in Sources */ = {isa = PBXBuildFile; fileRef = 4DC9CA00282D240500ED0BDD /* AuthenticationViewModel.swift */; };
		4DC9CA03282DBBE800ED0BDD /* GoogleService-Info.plist in Resources */ = {isa = PBXBuildFile; fileRef = 4DC9CA02282DBBE800ED0BDD /* GoogleService-Info.plist */; };
		4DC9CA05282DCFFE00ED0BDD /* HomeController.swift in Sources */ = {isa = PBXBuildFile; fileRef = 4DC9CA04282DCFFE00ED0BDD /* HomeController.swift */; };
		4DC9CA082831A60400ED0BDD /* Service.swift in Sources */ = {isa = PBXBuildFile; fileRef = 4DC9CA072831A60400ED0BDD /* Service.swift */; };
		4DDE084E288049D30027CA9B /* OnboardingController.swift in Sources */ = {isa = PBXBuildFile; fileRef = 4DDE084D288049D30027CA9B /* OnboardingController.swift */; };
		4DDE085028804E640027CA9B /* Constants.swift in Sources */ = {isa = PBXBuildFile; fileRef = 4DDE084F28804E640027CA9B /* Constants.swift */; };
/* End PBXBuildFile section */

/* Begin PBXFileReference section */
		4D27C51A28882A8800902B82 /* OnboardingViewModel.swift */ = {isa = PBXFileReference; lastKnownFileType = sourcecode.swift; path = OnboardingViewModel.swift; sourceTree = "<group>"; };
		4D27C51C288833F900902B82 /* User.swift */ = {isa = PBXFileReference; lastKnownFileType = sourcecode.swift; path = User.swift; sourceTree = "<group>"; };
		4DC9C9D4282BC2F200ED0BDD /* Onboarding Tutorial.app */ = {isa = PBXFileReference; explicitFileType = wrapper.application; includeInIndex = 0; path = "Onboarding Tutorial.app"; sourceTree = BUILT_PRODUCTS_DIR; };
		4DC9C9D7282BC2F200ED0BDD /* AppDelegate.swift */ = {isa = PBXFileReference; lastKnownFileType = sourcecode.swift; path = AppDelegate.swift; sourceTree = "<group>"; };
		4DC9C9D9282BC2F200ED0BDD /* SceneDelegate.swift */ = {isa = PBXFileReference; lastKnownFileType = sourcecode.swift; path = SceneDelegate.swift; sourceTree = "<group>"; };
		4DC9C9DB282BC2F200ED0BDD /* ViewController.swift */ = {isa = PBXFileReference; lastKnownFileType = sourcecode.swift; path = ViewController.swift; sourceTree = "<group>"; };
		4DC9C9DE282BC2F300ED0BDD /* Base */ = {isa = PBXFileReference; lastKnownFileType = file.storyboard; name = Base; path = Base.lproj/Main.storyboard; sourceTree = "<group>"; };
		4DC9C9E0282BC2F400ED0BDD /* Assets.xcassets */ = {isa = PBXFileReference; lastKnownFileType = folder.assetcatalog; path = Assets.xcassets; sourceTree = "<group>"; };
		4DC9C9E3282BC2F400ED0BDD /* Base */ = {isa = PBXFileReference; lastKnownFileType = file.storyboard; name = Base; path = Base.lproj/LaunchScreen.storyboard; sourceTree = "<group>"; };
		4DC9C9E5282BC2F400ED0BDD /* Info.plist */ = {isa = PBXFileReference; lastKnownFileType = text.plist.xml; path = Info.plist; sourceTree = "<group>"; };
		4DC9C9F2282BC3B700ED0BDD /* LoginController.swift */ = {isa = PBXFileReference; lastKnownFileType = sourcecode.swift; path = LoginController.swift; sourceTree = "<group>"; };
		4DC9C9F4282BD48200ED0BDD /* Extensions.swift */ = {isa = PBXFileReference; lastKnownFileType = sourcecode.swift; path = Extensions.swift; sourceTree = "<group>"; };
		4DC9C9F6282BDBEC00ED0BDD /* CustomTextField.swift */ = {isa = PBXFileReference; lastKnownFileType = sourcecode.swift; path = CustomTextField.swift; sourceTree = "<group>"; };
		4DC9C9F8282BDD4400ED0BDD /* AuthButton.swift */ = {isa = PBXFileReference; lastKnownFileType = sourcecode.swift; path = AuthButton.swift; sourceTree = "<group>"; };
		4DC9C9FA282BE6FB00ED0BDD /* DividerView.swift */ = {isa = PBXFileReference; lastKnownFileType = sourcecode.swift; path = DividerView.swift; sourceTree = "<group>"; };
		4DC9C9FC282D166A00ED0BDD /* RegistrationController.swift */ = {isa = PBXFileReference; lastKnownFileType = sourcecode.swift; path = RegistrationController.swift; sourceTree = "<group>"; };
		4DC9C9FE282D1E3200ED0BDD /* ResetPasswordController.swift */ = {isa = PBXFileReference; lastKnownFileType = sourcecode.swift; path = ResetPasswordController.swift; sourceTree = "<group>"; };
		4DC9CA00282D240500ED0BDD /* AuthenticationViewModel.swift */ = {isa = PBXFileReference; lastKnownFileType = sourcecode.swift; path = AuthenticationViewModel.swift; sourceTree = "<group>"; };
		4DC9CA02282DBBE800ED0BDD /* GoogleService-Info.plist */ = {isa = PBXFileReference; lastKnownFileType = text.plist.xml; path = "GoogleService-Info.plist"; sourceTree = SOURCE_ROOT; };
		4DC9CA04282DCFFE00ED0BDD /* HomeController.swift */ = {isa = PBXFileReference; lastKnownFileType = sourcecode.swift; path = HomeController.swift; sourceTree = "<group>"; };
		4DC9CA072831A60400ED0BDD /* Service.swift */ = {isa = PBXFileReference; lastKnownFileType = sourcecode.swift; path = Service.swift; sourceTree = "<group>"; };
		4DDE084D288049D30027CA9B /* OnboardingController.swift */ = {isa = PBXFileReference; lastKnownFileType = sourcecode.swift; path = OnboardingController.swift; sourceTree = "<group>"; };
		4DDE084F28804E640027CA9B /* Constants.swift */ = {isa = PBXFileReference; lastKnownFileType = sourcecode.swift; path = Constants.swift; sourceTree = "<group>"; };
		915B1C8EA30C20732FB757C7 /* Pods_Onboarding_Tutorial.framework */ = {isa = PBXFileReference; explicitFileType = wrapper.framework; includeInIndex = 0; path = Pods_Onboarding_Tutorial.framework; sourceTree = BUILT_PRODUCTS_DIR; };
		94D4CC734C5CF9EDFE85BB72 /* Pods-Onboarding Tutorial.debug.xcconfig */ = {isa = PBXFileReference; includeInIndex = 1; lastKnownFileType = text.xcconfig; name = "Pods-Onboarding Tutorial.debug.xcconfig"; path = "Target Support Files/Pods-Onboarding Tutorial/Pods-Onboarding Tutorial.debug.xcconfig"; sourceTree = "<group>"; };
		FF17D08534632E2866E76E6F /* Pods-Onboarding Tutorial.release.xcconfig */ = {isa = PBXFileReference; includeInIndex = 1; lastKnownFileType = text.xcconfig; name = "Pods-Onboarding Tutorial.release.xcconfig"; path = "Target Support Files/Pods-Onboarding Tutorial/Pods-Onboarding Tutorial.release.xcconfig"; sourceTree = "<group>"; };
/* End PBXFileReference section */

/* Begin PBXFrameworksBuildPhase section */
		4DC9C9D1282BC2F200ED0BDD /* Frameworks */ = {
			isa = PBXFrameworksBuildPhase;
			buildActionMask = 2147483647;
			files = (
				014A6050355A6810DAB463F3 /* Pods_Onboarding_Tutorial.framework in Frameworks */,
			);
			runOnlyForDeploymentPostprocessing = 0;
		};
/* End PBXFrameworksBuildPhase section */

/* Begin PBXGroup section */
		02DD4E134C957905A83F18F8 /* Frameworks */ = {
			isa = PBXGroup;
			children = (
				915B1C8EA30C20732FB757C7 /* Pods_Onboarding_Tutorial.framework */,
			);
			name = Frameworks;
			sourceTree = "<group>";
		};
		4DC9C9CB282BC2F200ED0BDD = {
			isa = PBXGroup;
			children = (
				4DC9C9D6282BC2F200ED0BDD /* Onboarding Tutorial */,
				4DC9C9D5282BC2F200ED0BDD /* Products */,
				B6C11C0F039638907E8DB73A /* Pods */,
				02DD4E134C957905A83F18F8 /* Frameworks */,
			);
			sourceTree = "<group>";
		};
		4DC9C9D5282BC2F200ED0BDD /* Products */ = {
			isa = PBXGroup;
			children = (
				4DC9C9D4282BC2F200ED0BDD /* Onboarding Tutorial.app */,
			);
			name = Products;
			sourceTree = "<group>";
		};
		4DC9C9D6282BC2F200ED0BDD /* Onboarding Tutorial */ = {
			isa = PBXGroup;
			children = (
				4DC9C9EF282BC36800ED0BDD /* Utils */,
				4DC9C9EE282BC36500ED0BDD /* Model */,
				4DC9C9EB282BC34D00ED0BDD /* View */,
				4DC9C9F0282BC38B00ED0BDD /* ViewModel */,
				4DC9C9F1282BC39900ED0BDD /* Controller */,
				4DC9CA06282EE76000ED0BDD /* API */,
				4DC9C9D7282BC2F200ED0BDD /* AppDelegate.swift */,
				4DC9C9D9282BC2F200ED0BDD /* SceneDelegate.swift */,
				4DC9C9DB282BC2F200ED0BDD /* ViewController.swift */,
				4DC9C9DD282BC2F300ED0BDD /* Main.storyboard */,
				4DC9C9E0282BC2F400ED0BDD /* Assets.xcassets */,
				4DC9C9E2282BC2F400ED0BDD /* LaunchScreen.storyboard */,
				4DC9C9E5282BC2F400ED0BDD /* Info.plist */,
				4DC9CA02282DBBE800ED0BDD /* GoogleService-Info.plist */,
			);
			path = "Onboarding Tutorial";
			sourceTree = "<group>";
		};
		4DC9C9EB282BC34D00ED0BDD /* View */ = {
			isa = PBXGroup;
			children = (
				4DC9C9F6282BDBEC00ED0BDD /* CustomTextField.swift */,
				4DC9C9F8282BDD4400ED0BDD /* AuthButton.swift */,
				4DC9C9FA282BE6FB00ED0BDD /* DividerView.swift */,
			);
			path = View;
			sourceTree = "<group>";
		};
		4DC9C9EE282BC36500ED0BDD /* Model */ = {
			isa = PBXGroup;
			children = (
				4D27C51C288833F900902B82 /* User.swift */,
			);
			path = Model;
			sourceTree = "<group>";
		};
		4DC9C9EF282BC36800ED0BDD /* Utils */ = {
			isa = PBXGroup;
			children = (
				4DC9C9F4282BD48200ED0BDD /* Extensions.swift */,
				4DDE084F28804E640027CA9B /* Constants.swift */,
			);
			path = Utils;
			sourceTree = "<group>";
		};
		4DC9C9F0282BC38B00ED0BDD /* ViewModel */ = {
			isa = PBXGroup;
			children = (
				4DC9CA00282D240500ED0BDD /* AuthenticationViewModel.swift */,
				4D27C51A28882A8800902B82 /* OnboardingViewModel.swift */,
			);
			path = ViewModel;
			sourceTree = "<group>";
		};
		4DC9C9F1282BC39900ED0BDD /* Controller */ = {
			isa = PBXGroup;
			children = (
				4DC9C9F2282BC3B700ED0BDD /* LoginController.swift */,
				4DC9C9FC282D166A00ED0BDD /* RegistrationController.swift */,
				4DC9C9FE282D1E3200ED0BDD /* ResetPasswordController.swift */,
				4DC9CA04282DCFFE00ED0BDD /* HomeController.swift */,
				4DDE084D288049D30027CA9B /* OnboardingController.swift */,
			);
			path = Controller;
			sourceTree = "<group>";
		};
		4DC9CA06282EE76000ED0BDD /* API */ = {
			isa = PBXGroup;
			children = (
				4DC9CA072831A60400ED0BDD /* Service.swift */,
			);
			path = API;
			sourceTree = "<group>";
		};
		B6C11C0F039638907E8DB73A /* Pods */ = {
			isa = PBXGroup;
			children = (
				94D4CC734C5CF9EDFE85BB72 /* Pods-Onboarding Tutorial.debug.xcconfig */,
				FF17D08534632E2866E76E6F /* Pods-Onboarding Tutorial.release.xcconfig */,
			);
			path = Pods;
			sourceTree = "<group>";
		};
/* End PBXGroup section */

/* Begin PBXNativeTarget section */
		4DC9C9D3282BC2F200ED0BDD /* Onboarding Tutorial */ = {
			isa = PBXNativeTarget;
			buildConfigurationList = 4DC9C9E8282BC2F400ED0BDD /* Build configuration list for PBXNativeTarget "Onboarding Tutorial" */;
			buildPhases = (
				6D0FBF10B7EF6A84F6E4BC8F /* [CP] Check Pods Manifest.lock */,
				4DC9C9D0282BC2F200ED0BDD /* Sources */,
				4DC9C9D1282BC2F200ED0BDD /* Frameworks */,
				4DC9C9D2282BC2F200ED0BDD /* Resources */,
				767CDF64A76C3859AD84B5AE /* [CP] Embed Pods Frameworks */,
			);
			buildRules = (
			);
			dependencies = (
			);
			name = "Onboarding Tutorial";
			productName = "Onboarding Tutorial";
			productReference = 4DC9C9D4282BC2F200ED0BDD /* Onboarding Tutorial.app */;
			productType = "com.apple.product-type.application";
		};
/* End PBXNativeTarget section */

/* Begin PBXProject section */
		4DC9C9CC282BC2F200ED0BDD /* Project object */ = {
			isa = PBXProject;
			attributes = {
				BuildIndependentTargetsInParallel = 1;
				LastSwiftUpdateCheck = 1330;
				LastUpgradeCheck = 1330;
				TargetAttributes = {
					4DC9C9D3282BC2F200ED0BDD = {
						CreatedOnToolsVersion = 13.3.1;
					};
				};
			};
			buildConfigurationList = 4DC9C9CF282BC2F200ED0BDD /* Build configuration list for PBXProject "Onboarding Tutorial" */;
			compatibilityVersion = "Xcode 13.0";
			developmentRegion = en;
			hasScannedForEncodings = 0;
			knownRegions = (
				en,
				Base,
			);
			mainGroup = 4DC9C9CB282BC2F200ED0BDD;
			productRefGroup = 4DC9C9D5282BC2F200ED0BDD /* Products */;
			projectDirPath = "";
			projectRoot = "";
			targets = (
				4DC9C9D3282BC2F200ED0BDD /* Onboarding Tutorial */,
			);
		};
/* End PBXProject section */

/* Begin PBXResourcesBuildPhase section */
		4DC9C9D2282BC2F200ED0BDD /* Resources */ = {
			isa = PBXResourcesBuildPhase;
			buildActionMask = 2147483647;
			files = (
				4DC9C9E4282BC2F400ED0BDD /* LaunchScreen.storyboard in Resources */,
				4DC9CA03282DBBE800ED0BDD /* GoogleService-Info.plist in Resources */,
				4DC9C9E1282BC2F400ED0BDD /* Assets.xcassets in Resources */,
				4DC9C9DF282BC2F300ED0BDD /* Main.storyboard in Resources */,
			);
			runOnlyForDeploymentPostprocessing = 0;
		};
/* End PBXResourcesBuildPhase section */

/* Begin PBXShellScriptBuildPhase section */
		6D0FBF10B7EF6A84F6E4BC8F /* [CP] Check Pods Manifest.lock */ = {
			isa = PBXShellScriptBuildPhase;
			buildActionMask = 2147483647;
			files = (
			);
			inputFileListPaths = (
			);
			inputPaths = (
				"${PODS_PODFILE_DIR_PATH}/Podfile.lock",
				"${PODS_ROOT}/Manifest.lock",
			);
			name = "[CP] Check Pods Manifest.lock";
			outputFileListPaths = (
			);
			outputPaths = (
				"$(DERIVED_FILE_DIR)/Pods-Onboarding Tutorial-checkManifestLockResult.txt",
			);
			runOnlyForDeploymentPostprocessing = 0;
			shellPath = /bin/sh;
			shellScript = "diff \"${PODS_PODFILE_DIR_PATH}/Podfile.lock\" \"${PODS_ROOT}/Manifest.lock\" > /dev/null\nif [ $? != 0 ] ; then\n    # print error to STDERR\n    echo \"error: The sandbox is not in sync with the Podfile.lock. Run 'pod install' or update your CocoaPods installation.\" >&2\n    exit 1\nfi\n# This output is used by Xcode 'outputs' to avoid re-running this script phase.\necho \"SUCCESS\" > \"${SCRIPT_OUTPUT_FILE_0}\"\n";
			showEnvVarsInLog = 0;
		};
		767CDF64A76C3859AD84B5AE /* [CP] Embed Pods Frameworks */ = {
			isa = PBXShellScriptBuildPhase;
			buildActionMask = 2147483647;
			files = (
			);
			inputFileListPaths = (
				"${PODS_ROOT}/Target Support Files/Pods-Onboarding Tutorial/Pods-Onboarding Tutorial-frameworks-${CONFIGURATION}-input-files.xcfilelist",
			);
			name = "[CP] Embed Pods Frameworks";
			outputFileListPaths = (
				"${PODS_ROOT}/Target Support Files/Pods-Onboarding Tutorial/Pods-Onboarding Tutorial-frameworks-${CONFIGURATION}-output-files.xcfilelist",
			);
			runOnlyForDeploymentPostprocessing = 0;
			shellPath = /bin/sh;
			shellScript = "\"${PODS_ROOT}/Target Support Files/Pods-Onboarding Tutorial/Pods-Onboarding Tutorial-frameworks.sh\"\n";
			showEnvVarsInLog = 0;
		};
/* End PBXShellScriptBuildPhase section */

/* Begin PBXSourcesBuildPhase section */
		4DC9C9D0282BC2F200ED0BDD /* Sources */ = {
			isa = PBXSourcesBuildPhase;
			buildActionMask = 2147483647;
			files = (
				4DC9C9F5282BD48200ED0BDD /* Extensions.swift in Sources */,
				4DC9CA082831A60400ED0BDD /* Service.swift in Sources */,
				4DC9C9FD282D166A00ED0BDD /* RegistrationController.swift in Sources */,
				4D27C51B28882A8800902B82 /* OnboardingViewModel.swift in Sources */,
				4DC9C9F9282BDD4400ED0BDD /* AuthButton.swift in Sources */,
				4DC9C9F3282BC3B700ED0BDD /* LoginController.swift in Sources */,
				4DDE085028804E640027CA9B /* Constants.swift in Sources */,
				4D27C51D288833F900902B82 /* User.swift in Sources */,
				4DC9CA01282D240500ED0BDD /* AuthenticationViewModel.swift in Sources */,
				4DC9C9F7282BDBEC00ED0BDD /* CustomTextField.swift in Sources */,
				4DC9C9DC282BC2F200ED0BDD /* ViewController.swift in Sources */,
				4DC9C9D8282BC2F200ED0BDD /* AppDelegate.swift in Sources */,
				4DC9CA05282DCFFE00ED0BDD /* HomeController.swift in Sources */,
				4DDE084E288049D30027CA9B /* OnboardingController.swift in Sources */,
				4DC9C9FB282BE6FB00ED0BDD /* DividerView.swift in Sources */,
				4DC9C9FF282D1E3200ED0BDD /* ResetPasswordController.swift in Sources */,
				4DC9C9DA282BC2F200ED0BDD /* SceneDelegate.swift in Sources */,
			);
			runOnlyForDeploymentPostprocessing = 0;
		};
/* End PBXSourcesBuildPhase section */

/* Begin PBXVariantGroup section */
		4DC9C9DD282BC2F300ED0BDD /* Main.storyboard */ = {
			isa = PBXVariantGroup;
			children = (
				4DC9C9DE282BC2F300ED0BDD /* Base */,
			);
			name = Main.storyboard;
			sourceTree = "<group>";
		};
		4DC9C9E2282BC2F400ED0BDD /* LaunchScreen.storyboard */ = {
			isa = PBXVariantGroup;
			children = (
				4DC9C9E3282BC2F400ED0BDD /* Base */,
			);
			name = LaunchScreen.storyboard;
			sourceTree = "<group>";
		};
/* End PBXVariantGroup section */

/* Begin XCBuildConfiguration section */
		4DC9C9E6282BC2F400ED0BDD /* Debug */ = {
			isa = XCBuildConfiguration;
			buildSettings = {
				ALWAYS_SEARCH_USER_PATHS = NO;
				CLANG_ANALYZER_NONNULL = YES;
				CLANG_ANALYZER_NUMBER_OBJECT_CONVERSION = YES_AGGRESSIVE;
				CLANG_CXX_LANGUAGE_STANDARD = "gnu++17";
				CLANG_ENABLE_MODULES = YES;
				CLANG_ENABLE_OBJC_ARC = YES;
				CLANG_ENABLE_OBJC_WEAK = YES;
				CLANG_WARN_BLOCK_CAPTURE_AUTORELEASING = YES;
				CLANG_WARN_BOOL_CONVERSION = YES;
				CLANG_WARN_COMMA = YES;
				CLANG_WARN_CONSTANT_CONVERSION = YES;
				CLANG_WARN_DEPRECATED_OBJC_IMPLEMENTATIONS = YES;
				CLANG_WARN_DIRECT_OBJC_ISA_USAGE = YES_ERROR;
				CLANG_WARN_DOCUMENTATION_COMMENTS = YES;
				CLANG_WARN_EMPTY_BODY = YES;
				CLANG_WARN_ENUM_CONVERSION = YES;
				CLANG_WARN_INFINITE_RECURSION = YES;
				CLANG_WARN_INT_CONVERSION = YES;
				CLANG_WARN_NON_LITERAL_NULL_CONVERSION = YES;
				CLANG_WARN_OBJC_IMPLICIT_RETAIN_SELF = YES;
				CLANG_WARN_OBJC_LITERAL_CONVERSION = YES;
				CLANG_WARN_OBJC_ROOT_CLASS = YES_ERROR;
				CLANG_WARN_QUOTED_INCLUDE_IN_FRAMEWORK_HEADER = YES;
				CLANG_WARN_RANGE_LOOP_ANALYSIS = YES;
				CLANG_WARN_STRICT_PROTOTYPES = YES;
				CLANG_WARN_SUSPICIOUS_MOVE = YES;
				CLANG_WARN_UNGUARDED_AVAILABILITY = YES_AGGRESSIVE;
				CLANG_WARN_UNREACHABLE_CODE = YES;
				CLANG_WARN__DUPLICATE_METHOD_MATCH = YES;
				COPY_PHASE_STRIP = NO;
				DEBUG_INFORMATION_FORMAT = dwarf;
				ENABLE_STRICT_OBJC_MSGSEND = YES;
				ENABLE_TESTABILITY = YES;
				GCC_C_LANGUAGE_STANDARD = gnu11;
				GCC_DYNAMIC_NO_PIC = NO;
				GCC_NO_COMMON_BLOCKS = YES;
				GCC_OPTIMIZATION_LEVEL = 0;
				GCC_PREPROCESSOR_DEFINITIONS = (
					"DEBUG=1",
					"$(inherited)",
				);
				GCC_WARN_64_TO_32_BIT_CONVERSION = YES;
				GCC_WARN_ABOUT_RETURN_TYPE = YES_ERROR;
				GCC_WARN_UNDECLARED_SELECTOR = YES;
				GCC_WARN_UNINITIALIZED_AUTOS = YES_AGGRESSIVE;
				GCC_WARN_UNUSED_FUNCTION = YES;
				GCC_WARN_UNUSED_VARIABLE = YES;
				IPHONEOS_DEPLOYMENT_TARGET = 15.4;
				MTL_ENABLE_DEBUG_INFO = INCLUDE_SOURCE;
				MTL_FAST_MATH = YES;
				ONLY_ACTIVE_ARCH = YES;
				SDKROOT = iphoneos;
				SWIFT_ACTIVE_COMPILATION_CONDITIONS = DEBUG;
				SWIFT_OPTIMIZATION_LEVEL = "-Onone";
			};
			name = Debug;
		};
		4DC9C9E7282BC2F400ED0BDD /* Release */ = {
			isa = XCBuildConfiguration;
			buildSettings = {
				ALWAYS_SEARCH_USER_PATHS = NO;
				CLANG_ANALYZER_NONNULL = YES;
				CLANG_ANALYZER_NUMBER_OBJECT_CONVERSION = YES_AGGRESSIVE;
				CLANG_CXX_LANGUAGE_STANDARD = "gnu++17";
				CLANG_ENABLE_MODULES = YES;
				CLANG_ENABLE_OBJC_ARC = YES;
				CLANG_ENABLE_OBJC_WEAK = YES;
				CLANG_WARN_BLOCK_CAPTURE_AUTORELEASING = YES;
				CLANG_WARN_BOOL_CONVERSION = YES;
				CLANG_WARN_COMMA = YES;
				CLANG_WARN_CONSTANT_CONVERSION = YES;
				CLANG_WARN_DEPRECATED_OBJC_IMPLEMENTATIONS = YES;
				CLANG_WARN_DIRECT_OBJC_ISA_USAGE = YES_ERROR;
				CLANG_WARN_DOCUMENTATION_COMMENTS = YES;
				CLANG_WARN_EMPTY_BODY = YES;
				CLANG_WARN_ENUM_CONVERSION = YES;
				CLANG_WARN_INFINITE_RECURSION = YES;
				CLANG_WARN_INT_CONVERSION = YES;
				CLANG_WARN_NON_LITERAL_NULL_CONVERSION = YES;
				CLANG_WARN_OBJC_IMPLICIT_RETAIN_SELF = YES;
				CLANG_WARN_OBJC_LITERAL_CONVERSION = YES;
				CLANG_WARN_OBJC_ROOT_CLASS = YES_ERROR;
				CLANG_WARN_QUOTED_INCLUDE_IN_FRAMEWORK_HEADER = YES;
				CLANG_WARN_RANGE_LOOP_ANALYSIS = YES;
				CLANG_WARN_STRICT_PROTOTYPES = YES;
				CLANG_WARN_SUSPICIOUS_MOVE = YES;
				CLANG_WARN_UNGUARDED_AVAILABILITY = YES_AGGRESSIVE;
				CLANG_WARN_UNREACHABLE_CODE = YES;
				CLANG_WARN__DUPLICATE_METHOD_MATCH = YES;
				COPY_PHASE_STRIP = NO;
				DEBUG_INFORMATION_FORMAT = "dwarf-with-dsym";
				ENABLE_NS_ASSERTIONS = NO;
				ENABLE_STRICT_OBJC_MSGSEND = YES;
				GCC_C_LANGUAGE_STANDARD = gnu11;
				GCC_NO_COMMON_BLOCKS = YES;
				GCC_WARN_64_TO_32_BIT_CONVERSION = YES;
				GCC_WARN_ABOUT_RETURN_TYPE = YES_ERROR;
				GCC_WARN_UNDECLARED_SELECTOR = YES;
				GCC_WARN_UNINITIALIZED_AUTOS = YES_AGGRESSIVE;
				GCC_WARN_UNUSED_FUNCTION = YES;
				GCC_WARN_UNUSED_VARIABLE = YES;
				IPHONEOS_DEPLOYMENT_TARGET = 15.4;
				MTL_ENABLE_DEBUG_INFO = NO;
				MTL_FAST_MATH = YES;
				SDKROOT = iphoneos;
				SWIFT_COMPILATION_MODE = wholemodule;
				SWIFT_OPTIMIZATION_LEVEL = "-O";
				VALIDATE_PRODUCT = YES;
			};
			name = Release;
		};
		4DC9C9E9282BC2F400ED0BDD /* Debug */ = {
			isa = XCBuildConfiguration;
			baseConfigurationReference = 94D4CC734C5CF9EDFE85BB72 /* Pods-Onboarding Tutorial.debug.xcconfig */;
			buildSettings = {
				ASSETCATALOG_COMPILER_APPICON_NAME = AppIcon;
				ASSETCATALOG_COMPILER_GLOBAL_ACCENT_COLOR_NAME = AccentColor;
				CODE_SIGN_STYLE = Automatic;
				CURRENT_PROJECT_VERSION = 1;
				DEVELOPMENT_TEAM = "";
				GENERATE_INFOPLIST_FILE = YES;
				INFOPLIST_FILE = "Onboarding Tutorial/Info.plist";
				INFOPLIST_KEY_UIApplicationSupportsIndirectInputEvents = YES;
				INFOPLIST_KEY_UILaunchStoryboardName = LaunchScreen;
				INFOPLIST_KEY_UIMainStoryboardFile = Main;
				INFOPLIST_KEY_UISupportedInterfaceOrientations_iPad = "UIInterfaceOrientationPortrait UIInterfaceOrientationPortraitUpsideDown UIInterfaceOrientationLandscapeLeft UIInterfaceOrientationLandscapeRight";
				INFOPLIST_KEY_UISupportedInterfaceOrientations_iPhone = "UIInterfaceOrientationPortrait UIInterfaceOrientationLandscapeLeft UIInterfaceOrientationLandscapeRight";
				LD_RUNPATH_SEARCH_PATHS = (
					"$(inherited)",
					"@executable_path/Frameworks",
				);
				MARKETING_VERSION = 1.0;
				PRODUCT_BUNDLE_IDENTIFIER = "com.arifashraf.Onboarding-Tutorial";
				PRODUCT_NAME = "$(TARGET_NAME)";
				SWIFT_EMIT_LOC_STRINGS = YES;
				SWIFT_VERSION = 5.0;
				TARGETED_DEVICE_FAMILY = "1,2";
			};
			name = Debug;
		};
		4DC9C9EA282BC2F400ED0BDD /* Release */ = {
			isa = XCBuildConfiguration;
			baseConfigurationReference = FF17D08534632E2866E76E6F /* Pods-Onboarding Tutorial.release.xcconfig */;
			buildSettings = {
				ASSETCATALOG_COMPILER_APPICON_NAME = AppIcon;
				ASSETCATALOG_COMPILER_GLOBAL_ACCENT_COLOR_NAME = AccentColor;
				CODE_SIGN_STYLE = Automatic;
				CURRENT_PROJECT_VERSION = 1;
				DEVELOPMENT_TEAM = "";
				GENERATE_INFOPLIST_FILE = YES;
				INFOPLIST_FILE = "Onboarding Tutorial/Info.plist";
				INFOPLIST_KEY_UIApplicationSupportsIndirectInputEvents = YES;
				INFOPLIST_KEY_UILaunchStoryboardName = LaunchScreen;
				INFOPLIST_KEY_UIMainStoryboardFile = Main;
				INFOPLIST_KEY_UISupportedInterfaceOrientations_iPad = "UIInterfaceOrientationPortrait UIInterfaceOrientationPortraitUpsideDown UIInterfaceOrientationLandscapeLeft UIInterfaceOrientationLandscapeRight";
				INFOPLIST_KEY_UISupportedInterfaceOrientations_iPhone = "UIInterfaceOrientationPortrait UIInterfaceOrientationLandscapeLeft UIInterfaceOrientationLandscapeRight";
				LD_RUNPATH_SEARCH_PATHS = (
					"$(inherited)",
					"@executable_path/Frameworks",
				);
				MARKETING_VERSION = 1.0;
				PRODUCT_BUNDLE_IDENTIFIER = "com.arifashraf.Onboarding-Tutorial";
				PRODUCT_NAME = "$(TARGET_NAME)";
				SWIFT_EMIT_LOC_STRINGS = YES;
				SWIFT_VERSION = 5.0;
				TARGETED_DEVICE_FAMILY = "1,2";
			};
			name = Release;
		};
/* End XCBuildConfiguration section */

/* Begin XCConfigurationList section */
		4DC9C9CF282BC2F200ED0BDD /* Build configuration list for PBXProject "Onboarding Tutorial" */ = {
			isa = XCConfigurationList;
			buildConfigurations = (
				4DC9C9E6282BC2F400ED0BDD /* Debug */,
				4DC9C9E7282BC2F400ED0BDD /* Release */,
			);
			defaultConfigurationIsVisible = 0;
			defaultConfigurationName = Release;
		};
		4DC9C9E8282BC2F400ED0BDD /* Build configuration list for PBXNativeTarget "Onboarding Tutorial" */ = {
			isa = XCConfigurationList;
			buildConfigurations = (
				4DC9C9E9282BC2F400ED0BDD /* Debug */,
				4DC9C9EA282BC2F400ED0BDD /* Release */,
			);
			defaultConfigurationIsVisible = 0;
			defaultConfigurationName = Release;
		};
/* End XCConfigurationList section */
	};
	rootObject = 4DC9C9CC282BC2F200ED0BDD /* Project object */;
}
